
Microsoft Visual Studio Solution File, Format Version 12.00
# Visual Studio Version 17
VisualStudioVersion = 17.14.36511.14 d17.14
MinimumVisualStudioVersion = 10.0.40219.1
Project("{FAE04EC0-301F-11D3-BF4B-00C04F79EFBC}") = "ClockLab2", "ClockLab2\ClockLab2.csproj", "{D868584A-96C1-4889-8022-581F4CB6F4C2}"
EndProject
Global
	GlobalSection(SolutionConfigurationPlatforms) = preSolution
		Debug|Any CPU = Debug|Any CPU
		Release|Any CPU = Release|Any CPU
	EndGlobalSection
	GlobalSection(ProjectConfigurationPlatforms) = postSolution
		{D868584A-96C1-4889-8022-581F4CB6F4C2}.Debug|Any CPU.ActiveCfg = Debug|Any CPU
		{D868584A-96C1-4889-8022-581F4CB6F4C2}.Debug|Any CPU.Build.0 = Debug|Any CPU
		{D868584A-96C1-4889-8022-581F4CB6F4C2}.Release|Any CPU.ActiveCfg = Release|Any CPU
		{D868584A-96C1-4889-8022-581F4CB6F4C2}.Release|Any CPU.Build.0 = Release|Any CPU
	EndGlobalSection
	GlobalSection(SolutionProperties) = preSolution
		HideSolutionNode = FALSE
	EndGlobalSection
	GlobalSection(ExtensibilityGlobals) = postSolution
		SolutionGuid = {7D46AF62-5ABD-45AB-A26A-DD2CC144D478}
	EndGlobalSection
EndGlobal
